
Microsoft Visual Studio Solution File, Format Version 12.00
# Visual Studio Version 17
VisualStudioVersion = 17.5.33516.290
MinimumVisualStudioVersion = 10.0.40219.1
Project("{FAE04EC0-301F-11D3-BF4B-00C04F79EFBC}") = "PhotinoBlazor", "PhotinoBlazor.csproj", "{FCB7559C-8343-451B-B3F0-63E7AF5F45D8}"
EndProject
Global
	GlobalSection(SolutionConfigurationPlatforms) = preSolution
		Debug|Any CPU = Debug|Any CPU
		Release|Any CPU = Release|Any CPU
	EndGlobalSection
	GlobalSection(ProjectConfigurationPlatforms) = postSolution
		{FCB7559C-8343-451B-B3F0-63E7AF5F45D8}.Debug|Any CPU.ActiveCfg = Debug|Any CPU
		{FCB7559C-8343-451B-B3F0-63E7AF5F45D8}.Debug|Any CPU.Build.0 = Debug|Any CPU
		{FCB7559C-8343-451B-B3F0-63E7AF5F45D8}.Release|Any CPU.ActiveCfg = Release|Any CPU
		{FCB7559C-8343-451B-B3F0-63E7AF5F45D8}.Release|Any CPU.Build.0 = Release|Any CPU
	EndGlobalSection
	GlobalSection(SolutionProperties) = preSolution
		HideSolutionNode = FALSE
	EndGlobalSection
	GlobalSection(ExtensibilityGlobals) = postSolution
		SolutionGuid = {9CE13D0F-DD4F-4B1B-8B0A-6870A84FC9DA}
	EndGlobalSection
EndGlobal
